Microsoft Visual Studio Solution File, Format Version 11.00
# Visual Studio 2008

Project("{D90AEF6C-B516-2C0D-C0D0-E8FCAE1CC5C5}") = "3dproj", "Assembly-CSharp-firstpass.csproj", "{800D7B2B-6FDF-3F88-25B9-754877D7E500}"
EndProject
Project("{D90AEF6C-B516-2C0D-C0D0-E8FCAE1CC5C5}") = "3dproj", "Assembly-CSharp.csproj", "{838EEC09-1659-80C2-2ECD-4F634FE9CDE5}"
EndProject
Project("{D90AEF6C-B516-2C0D-C0D0-E8FCAE1CC5C5}") = "3dproj", "Assembly-CSharp-Editor.csproj", "{67ADDA2E-3A21-08F9-0D52-635191FEE830}"
EndProject
Project("{D90AEF6C-B516-2C0D-C0D0-E8FCAE1CC5C5}") = "3dproj", "Assembly-UnityScript-firstpass.unityproj", "{DD1ABDBE-E0FD-1D60-B056-C09F26C71FAB}"
EndProject
Project("{D90AEF6C-B516-2C0D-C0D0-E8FCAE1CC5C5}") = "3dproj", "Assembly-UnityScript.unityproj", "{3B2BF982-536E-315B-795B-AEFBA9945E90}"
EndProject
Project("{D90AEF6C-B516-2C0D-C0D0-E8FCAE1CC5C5}") = "3dproj", "Assembly-UnityScript-Editor-firstpass.unityproj", "{1273AD4D-732B-2E74-197D-E2A14479451F}"
EndProject
Project("{D90AEF6C-B516-2C0D-C0D0-E8FCAE1CC5C5}") = "3dproj", "Assembly-UnityScript-Editor.unityproj", "{4A2452B3-BCEE-64AC-53A7-E9173EF27F03}"
EndProject
Global
	GlobalSection(SolutionConfigurationPlatforms) = preSolution
		Debug|Any CPU = Debug|Any CPU
		Release|Any CPU = Release|Any CPU
	EndGlobalSection
	GlobalSection(ProjectConfigurationPlatforms) = postSolution
		{800D7B2B-6FDF-3F88-25B9-754877D7E500}.Debug|Any CPU.ActiveCfg = Debug|Any CPU
		{800D7B2B-6FDF-3F88-25B9-754877D7E500}.Debug|Any CPU.Build.0 = Debug|Any CPU
		{800D7B2B-6FDF-3F88-25B9-754877D7E500}.Release|Any CPU.ActiveCfg = Release|Any CPU
		{800D7B2B-6FDF-3F88-25B9-754877D7E500}.Release|Any CPU.Build.0 = Release|Any CPU
		{838EEC09-1659-80C2-2ECD-4F634FE9CDE5}.Debug|Any CPU.ActiveCfg = Debug|Any CPU
		{838EEC09-1659-80C2-2ECD-4F634FE9CDE5}.Debug|Any CPU.Build.0 = Debug|Any CPU
		{838EEC09-1659-80C2-2ECD-4F634FE9CDE5}.Release|Any CPU.ActiveCfg = Release|Any CPU
		{838EEC09-1659-80C2-2ECD-4F634FE9CDE5}.Release|Any CPU.Build.0 = Release|Any CPU
		{67ADDA2E-3A21-08F9-0D52-635191FEE830}.Debug|Any CPU.ActiveCfg = Debug|Any CPU
		{67ADDA2E-3A21-08F9-0D52-635191FEE830}.Debug|Any CPU.Build.0 = Debug|Any CPU
		{67ADDA2E-3A21-08F9-0D52-635191FEE830}.Release|Any CPU.ActiveCfg = Release|Any CPU
		{67ADDA2E-3A21-08F9-0D52-635191FEE830}.Release|Any CPU.Build.0 = Release|Any CPU
		{DD1ABDBE-E0FD-1D60-B056-C09F26C71FAB}.Debug|Any CPU.ActiveCfg = Debug|Any CPU
		{DD1ABDBE-E0FD-1D60-B056-C09F26C71FAB}.Debug|Any CPU.Build.0 = Debug|Any CPU
		{DD1ABDBE-E0FD-1D60-B056-C09F26C71FAB}.Release|Any CPU.ActiveCfg = Release|Any CPU
		{DD1ABDBE-E0FD-1D60-B056-C09F26C71FAB}.Release|Any CPU.Build.0 = Release|Any CPU
		{3B2BF982-536E-315B-795B-AEFBA9945E90}.Debug|Any CPU.ActiveCfg = Debug|Any CPU
		{3B2BF982-536E-315B-795B-AEFBA9945E90}.Debug|Any CPU.Build.0 = Debug|Any CPU
		{3B2BF982-536E-315B-795B-AEFBA9945E90}.Release|Any CPU.ActiveCfg = Release|Any CPU
		{3B2BF982-536E-315B-795B-AEFBA9945E90}.Release|Any CPU.Build.0 = Release|Any CPU
		{1273AD4D-732B-2E74-197D-E2A14479451F}.Debug|Any CPU.ActiveCfg = Debug|Any CPU
		{1273AD4D-732B-2E74-197D-E2A14479451F}.Debug|Any CPU.Build.0 = Debug|Any CPU
		{1273AD4D-732B-2E74-197D-E2A14479451F}.Release|Any CPU.ActiveCfg = Release|Any CPU
		{1273AD4D-732B-2E74-197D-E2A14479451F}.Release|Any CPU.Build.0 = Release|Any CPU
		{4A2452B3-BCEE-64AC-53A7-E9173EF27F03}.Debug|Any CPU.ActiveCfg = Debug|Any CPU
		{4A2452B3-BCEE-64AC-53A7-E9173EF27F03}.Debug|Any CPU.Build.0 = Debug|Any CPU
		{4A2452B3-BCEE-64AC-53A7-E9173EF27F03}.Release|Any CPU.ActiveCfg = Release|Any CPU
		{4A2452B3-BCEE-64AC-53A7-E9173EF27F03}.Release|Any CPU.Build.0 = Release|Any CPU
	EndGlobalSection
	GlobalSection(SolutionProperties) = preSolution
		HideSolutionNode = FALSE
	EndGlobalSection
		GlobalSection(MonoDevelopProperties) = preSolution
		StartupItem = Assembly-CSharp.csproj
		Policies = $0
		$0.TextStylePolicy = $1
		$1.inheritsSet = null
		$1.scope = text/x-csharp
		$0.CSharpFormattingPolicy = $2
		$2.inheritsSet = Mono
		$2.inheritsScope = text/x-csharp
		$2.scope = text/x-csharp
		$0.TextStylePolicy = $3
		$3.FileWidth = 120
		$3.TabWidth = 4
		$3.EolMarker = Unix
		$3.inheritsSet = Mono
		$3.inheritsScope = text/plain
		$3.scope = text/plain
	EndGlobalSection

EndGlobal
